
Microsoft Visual Studio Solution File, Format Version 12.00
# Visual Studio Version 16
VisualStudioVersion = 16.0.28803.452
MinimumVisualStudioVersion = 10.0.40219.1
Project("{FAE04EC0-301F-11D3-BF4B-00C04F79EFBC}") = "Workforce", "Workforce\Workforce.csproj", "{CF0B36E3-D5C0-4501-9D7D-FDD20373BA09}"
EndProject
Global
	GlobalSection(SolutionConfigurationPlatforms) = preSolution
		Debug|Any CPU = Debug|Any CPU
		Release|Any CPU = Release|Any CPU
	EndGlobalSection
	GlobalSection(ProjectConfigurationPlatforms) = postSolution
		{CF0B36E3-D5C0-4501-9D7D-FDD20373BA09}.Debug|Any CPU.ActiveCfg = Debug|Any CPU
		{CF0B36E3-D5C0-4501-9D7D-FDD20373BA09}.Debug|Any CPU.Build.0 = Debug|Any CPU
		{CF0B36E3-D5C0-4501-9D7D-FDD20373BA09}.Release|Any CPU.ActiveCfg = Release|Any CPU
		{CF0B36E3-D5C0-4501-9D7D-FDD20373BA09}.Release|Any CPU.Build.0 = Release|Any CPU
	EndGlobalSection
	GlobalSection(SolutionProperties) = preSolution
		HideSolutionNode = FALSE
	EndGlobalSection
	GlobalSection(ExtensibilityGlobals) = postSolution
		SolutionGuid = {7D0FDB45-0E22-45E0-BFF8-726D1A7D7B27}
	EndGlobalSection
EndGlobal
